<?xml version="1.0" encoding="utf-8"?>
<Project ToolsVersion="4.0" xmlns="http://schemas.microsoft.com/developer/msbuild/2003">
  <ItemGroup>
    <Filter Include="win32">
      <UniqueIdentifier>{84a8ebd7-7cf0-47f6-b75e-d441df67da40}</UniqueIdentifier>
    </Filter>
    <Filter Include="Classes">
      <UniqueIdentifier>{bb6c862e-70e9-49d9-81b7-3829a6f50471}</UniqueIdentifier>
    </Filter>
    <Filter Include="resource">
      <UniqueIdentifier>{715254bc-d70b-4ec5-bf29-467dd3ace079}</UniqueIdentifier>
    </Filter>
    <Filter Include="Classes\WayPoint">
      <UniqueIdentifier>{a59a151a-6a17-47fb-b3b2-0b22cfacd7c3}</UniqueIdentifier>
    </Filter>
    <Filter Include="Classes\DataModel">
      <UniqueIdentifier>{a351c0bb-e1a5-4dec-ad23-5c403e6154c4}</UniqueIdentifier>
    </Filter>
    <Filter Include="Classes\Creep">
      <UniqueIdentifier>{928cb8d1-6d2f-4ad5-b681-4c21f6c40330}</UniqueIdentifier>
    </Filter>
    <Filter Include="Classes\Scene">
      <UniqueIdentifier>{09603eb4-868b-421a-b33c-20e6660a2b76}</UniqueIdentifier>
    </Filter>
    <Filter Include="Classes\Tower">
      <UniqueIdentifier>{ffd805d9-eeab-4032-93f1-a5b24cf207fe}</UniqueIdentifier>
    </Filter>
    <Filter Include="Classes\Enemy">
      <UniqueIdentifier>{31f37712-5855-4fa1-b139-768b10a91475}</UniqueIdentifier>
    </Filter>
  </ItemGroup>
  <ItemGroup>
    <ClCompile Include="main.cpp">
      <Filter>win32</Filter>
    </ClCompile>
    <ClCompile Include="..\Classes\AppDelegate.cpp">
      <Filter>Classes</Filter>
    </ClCompile>
    <ClCompile Include="..\Classes\HelloWorldScene.cpp">
      <Filter>Classes</Filter>
    </ClCompile>
    <ClCompile Include="..\Classes\WayPoint\WayPoint.cpp">
      <Filter>Classes\WayPoint</Filter>
    </ClCompile>
    <ClCompile Include="..\Classes\DataModel\DataModel.cpp">
      <Filter>Classes\DataModel</Filter>
    </ClCompile>
    <ClCompile Include="..\Classes\Creep\Creep.cpp">
      <Filter>Classes\Creep</Filter>
    </ClCompile>
    <ClCompile Include="..\Classes\Scene\MainGame.cpp">
      <Filter>Classes\Scene</Filter>
    </ClCompile>
    <ClCompile Include="..\Classes\Tower\Tower.cpp">
      <Filter>Classes\Tower</Filter>
    </ClCompile>
    <ClCompile Include="..\Classes\Enemy\Enemy.cpp">
      <Filter>Classes\Enemy</Filter>
    </ClCompile>
  </ItemGroup>
  <ItemGroup>
    <ClInclude Include="main.h">
      <Filter>win32</Filter>
    </ClInclude>
    <ClInclude Include="..\Classes\AppDelegate.h">
      <Filter>Classes</Filter>
    </ClInclude>
    <ClInclude Include="..\Classes\HelloWorldScene.h">
      <Filter>Classes</Filter>
    </ClInclude>
    <ClInclude Include="..\Classes\WayPoint\WayPoint.h">
      <Filter>Classes\WayPoint</Filter>
    </ClInclude>
    <ClInclude Include="..\Classes\DataModel\DataModel.h">
      <Filter>Classes\DataModel</Filter>
    </ClInclude>
    <ClInclude Include="..\Classes\Creep\Creep.h">
      <Filter>Classes\Creep</Filter>
    </ClInclude>
    <ClInclude Include="..\Classes\Scene\MainGame.h">
      <Filter>Classes\Scene</Filter>
    </ClInclude>
    <ClInclude Include="..\Classes\Tower\Tower.h">
      <Filter>Classes\Tower</Filter>
    </ClInclude>
    <ClInclude Include="..\Classes\Enemy\Enemy.h">
      <Filter>Classes\Enemy</Filter>
    </ClInclude>
  </ItemGroup>
  <ItemGroup>
    <ResourceCompile Include="game.rc">
      <Filter>resource</Filter>
    </ResourceCompile>
  </ItemGroup>
</Project>